{
  "nodes": {
    "hix": {
      "inputs": {
        "nixpkgs": [
          "nixpkgs"
        ]
      },
      "locked": {
        "lastModified": 1740175666,
        "narHash": "sha256-zHrWc/B7UPWElRg9lTc5r/I/C5bsoNqn+ApNxLOrWhQ=",
        "owner": "tek",
        "repo": "hix",
        "rev": "f2f31e5656aa8f0c3730eae46942d119b6b0536c",
        "type": "github"
      },
      "original": {
        "owner": "tek",
        "ref": "0.8.0",
        "repo": "hix",
        "type": "github"
      }
    },
    "nixpkgs": {
      "locked": {
        "lastModified": 1764521362,
        "narHash": "sha256-M101xMtWdF1eSD0xhiR8nG8CXRlHmv6V+VoY65Smwf4=",
        "owner": "NixOS",
        "repo": "nixpkgs",
        "rev": "871b9fd269ff6246794583ce4ee1031e1da71895",
        "type": "github"
      },
      "original": {
        "owner": "NixOS",
        "ref": "25.11",
        "repo": "nixpkgs",
        "type": "github"
      }
    },
    "root": {
      "inputs": {
        "hix": "hix",
        "nixpkgs": "nixpkgs"
      }
    }
  },
  "root": "root",
  "version": 7
}
