{
  "nodes": {
    "hix": {
      "inputs": {
        "nixpkgs": "nixpkgs"
      },
      "locked": {
        "lastModified": 1748568982,
        "narHash": "sha256-ju4V8HsmkS6vTYsvPrFaqpDR8FsNEFCXkz+YvhEuLZc=",
        "owner": "tek",
        "repo": "hix",
        "rev": "6a5f1e23c7d25343d01728b3e1666c200b833183",
        "type": "github"
      },
      "original": {
        "owner": "tek",
        "ref": "main",
        "repo": "hix",
        "type": "github"
      }
    },
    "nixpkgs": {
      "locked": {
        "lastModified": 1739138025,
        "narHash": "sha256-M4ilIfGxzbBZuURokv24aqJTbdjPA9K+DtKUzrJaES4=",
        "owner": "nixos",
        "repo": "nixpkgs",
        "rev": "b2243f41e860ac85c0b446eadc6930359b294e79",
        "type": "github"
      },
      "original": {
        "owner": "nixos",
        "ref": "nixpkgs-unstable",
        "repo": "nixpkgs",
        "type": "github"
      }
    },
    "root": {
      "inputs": {
        "hix": "hix"
      }
    }
  },
  "root": "root",
  "version": 7
}
